
Microsoft Visual Studio Solution File, Format Version 12.00
# Visual Studio Version 16
VisualStudioVersion = 16.0.31105.61
MinimumVisualStudioVersion = 10.0.40219.1
Project("{FAE04EC0-301F-11D3-BF4B-00C04F79EFBC}") = "RocketLand", "RocketLand\RocketLand.csproj", "{87F5B91F-B683-406B-BEF2-2CE52FB518AB}"
EndProject
Project("{FAE04EC0-301F-11D3-BF4B-00C04F79EFBC}") = "RocketLand.Testing", "RocketLand.Testing\RocketLand.Testing.csproj", "{77C258C9-AD3B-491F-BA13-9159884469F2}"
EndProject
Global
	GlobalSection(SolutionConfigurationPlatforms) = preSolution
		Debug|Any CPU = Debug|Any CPU
		Release|Any CPU = Release|Any CPU
	EndGlobalSection
	GlobalSection(ProjectConfigurationPlatforms) = postSolution
		{87F5B91F-B683-406B-BEF2-2CE52FB518AB}.Debug|Any CPU.ActiveCfg = Debug|Any CPU
		{87F5B91F-B683-406B-BEF2-2CE52FB518AB}.Debug|Any CPU.Build.0 = Debug|Any CPU
		{87F5B91F-B683-406B-BEF2-2CE52FB518AB}.Release|Any CPU.ActiveCfg = Release|Any CPU
		{87F5B91F-B683-406B-BEF2-2CE52FB518AB}.Release|Any CPU.Build.0 = Release|Any CPU
		{77C258C9-AD3B-491F-BA13-9159884469F2}.Debug|Any CPU.ActiveCfg = Debug|Any CPU
		{77C258C9-AD3B-491F-BA13-9159884469F2}.Debug|Any CPU.Build.0 = Debug|Any CPU
		{77C258C9-AD3B-491F-BA13-9159884469F2}.Release|Any CPU.ActiveCfg = Release|Any CPU
		{77C258C9-AD3B-491F-BA13-9159884469F2}.Release|Any CPU.Build.0 = Release|Any CPU
	EndGlobalSection
	GlobalSection(SolutionProperties) = preSolution
		HideSolutionNode = FALSE
	EndGlobalSection
	GlobalSection(ExtensibilityGlobals) = postSolution
		SolutionGuid = {7F50BEC9-E8CD-4636-8105-053A8D95AF37}
	EndGlobalSection
EndGlobal
